
Microsoft Visual Studio Solution File, Format Version 12.00
# Visual Studio Version 17
VisualStudioVersion = 17.5.33414.496
MinimumVisualStudioVersion = 10.0.40219.1
Project("{FAE04EC0-301F-11D3-BF4B-00C04F79EFBC}") = "WpfSample", "WpfSample\WpfSample.csproj", "{01287167-DBAB-4A74-A92B-408441EDFE50}"
EndProject
Global
	GlobalSection(SolutionConfigurationPlatforms) = preSolution
		Debug|Any CPU = Debug|Any CPU
		Release|Any CPU = Release|Any CPU
	EndGlobalSection
	GlobalSection(ProjectConfigurationPlatforms) = postSolution
		{01287167-DBAB-4A74-A92B-408441EDFE50}.Debug|Any CPU.ActiveCfg = Debug|Any CPU
		{01287167-DBAB-4A74-A92B-408441EDFE50}.Debug|Any CPU.Build.0 = Debug|Any CPU
		{01287167-DBAB-4A74-A92B-408441EDFE50}.Release|Any CPU.ActiveCfg = Release|Any CPU
		{01287167-DBAB-4A74-A92B-408441EDFE50}.Release|Any CPU.Build.0 = Release|Any CPU
	EndGlobalSection
	GlobalSection(SolutionProperties) = preSolution
		HideSolutionNode = FALSE
	EndGlobalSection
	GlobalSection(ExtensibilityGlobals) = postSolution
		SolutionGuid = {14FA0799-F86C-49F2-8C1B-FA23BD8ED2DB}
	EndGlobalSection
EndGlobal
